// !$*UTF8*$!
{
	archiveVersion = 1;
	classes = {
	};
	objectVersion = 46;
	objects = {

/* Begin PBXBuildFile section */
		FA9728B91B0F952200206005 /* AppDelegate.swift in Sources */ = {isa = PBXBuildFile; fileRef = FA9728B81B0F952200206005 /* AppDelegate.swift */; };
		FA9728BC1B0F952200206005 /* wwit.xcdatamodeld in Sources */ = {isa = PBXBuildFile; fileRef = FA9728BA1B0F952200206005 /* wwit.xcdatamodeld */; };
		FA9728C11B0F952200206005 /* Main.storyboard in Resources */ = {isa = PBXBuildFile; fileRef = FA9728BF1B0F952200206005 /* Main.storyboard */; };
		FA9728C31B0F952200206005 /* Images.xcassets in Resources */ = {isa = PBXBuildFile; fileRef = FA9728C21B0F952200206005 /* Images.xcassets */; };
		FA9728C61B0F952200206005 /* LaunchScreen.xib in Resources */ = {isa = PBXBuildFile; fileRef = FA9728C41B0F952200206005 /* LaunchScreen.xib */; };
		FA9728D21B0F952200206005 /* wwitTests.swift in Sources */ = {isa = PBXBuildFile; fileRef = FA9728D11B0F952200206005 /* wwitTests.swift */; };
		FAF66E201B1C5E0D003EDA4A /* WwitCell.swift in Sources */ = {isa = PBXBuildFile; fileRef = FAF66E1F1B1C5E0D003EDA4A /* WwitCell.swift */; };
		FAF66E531B1C8E32003EDA4A /* StageViewController.swift in Sources */ = {isa = PBXBuildFile; fileRef = FAF66E521B1C8E32003EDA4A /* StageViewController.swift */; };
		FAF66E9E1B1D3195003EDA4A /* Three.swift in Sources */ = {isa = PBXBuildFile; fileRef = FAF66E9D1B1D3195003EDA4A /* Three.swift */; };
		FAF66EA01B1D3196003EDA4A /* Two.swift in Sources */ = {isa = PBXBuildFile; fileRef = FAF66E9F1B1D3196003EDA4A /* Two.swift */; };
		FAF66EA21B1D3196003EDA4A /* Four.swift in Sources */ = {isa = PBXBuildFile; fileRef = FAF66EA11B1D3196003EDA4A /* Four.swift */; };
		FAF66EA41B1D3196003EDA4A /* One.swift in Sources */ = {isa = PBXBuildFile; fileRef = FAF66EA31B1D3196003EDA4A /* One.swift */; };
		FAF66EA61B1D3196003EDA4A /* Five.swift in Sources */ = {isa = PBXBuildFile; fileRef = FAF66EA51B1D3196003EDA4A /* Five.swift */; };
		FAF66EA91B1D3481003EDA4A /* DataStoreCenter.swift in Sources */ = {isa = PBXBuildFile; fileRef = FAF66EA81B1D3481003EDA4A /* DataStoreCenter.swift */; };
/* End PBXBuildFile section */

/* Begin PBXContainerItemProxy section */
		FA9728CC1B0F952200206005 /* PBXContainerItemProxy */ = {
			isa = PBXContainerItemProxy;
			containerPortal = FA9728AB1B0F952200206005 /* Project object */;
			proxyType = 1;
			remoteGlobalIDString = FA9728B21B0F952200206005;
			remoteInfo = wwit;
		};
/* End PBXContainerItemProxy section */

/* Begin PBXFileReference section */
		FA9728B31B0F952200206005 /* wwit.app */ = {isa = PBXFileReference; explicitFileType = wrapper.application; includeInIndex = 0; path = wwit.app; sourceTree = BUILT_PRODUCTS_DIR; };
		FA9728B71B0F952200206005 /* Info.plist */ = {isa = PBXFileReference; lastKnownFileType = text.plist.xml; path = Info.plist; sourceTree = "<group>"; };
		FA9728B81B0F952200206005 /* AppDelegate.swift */ = {isa = PBXFileReference; lastKnownFileType = sourcecode.swift; path = AppDelegate.swift; sourceTree = "<group>"; };
		FA9728BB1B0F952200206005 /* wwit.xcdatamodel */ = {isa = PBXFileReference; lastKnownFileType = wrapper.xcdatamodel; path = wwit.xcdatamodel; sourceTree = "<group>"; };
		FA9728C01B0F952200206005 /* Base */ = {isa = PBXFileReference; lastKnownFileType = file.storyboard; name = Base; path = Base.lproj/Main.storyboard; sourceTree = "<group>"; };
		FA9728C21B0F952200206005 /* Images.xcassets */ = {isa = PBXFileReference; lastKnownFileType = folder.assetcatalog; path = Images.xcassets; sourceTree = "<group>"; };
		FA9728C51B0F952200206005 /* Base */ = {isa = PBXFileReference; lastKnownFileType = file.xib; name = Base; path = Base.lproj/LaunchScreen.xib; sourceTree = "<group>"; };
		FA9728CB1B0F952200206005 /* wwitTests.xctest */ = {isa = PBXFileReference; explicitFileType = wrapper.cfbundle; includeInIndex = 0; path = wwitTests.xctest; sourceTree = BUILT_PRODUCTS_DIR; };
		FA9728D01B0F952200206005 /* Info.plist */ = {isa = PBXFileReference; lastKnownFileType = text.plist.xml; path = Info.plist; sourceTree = "<group>"; };
		FA9728D11B0F952200206005 /* wwitTests.swift */ = {isa = PBXFileReference; lastKnownFileType = sourcecode.swift; path = wwitTests.swift; sourceTree = "<group>"; };
		FAF66E1F1B1C5E0D003EDA4A /* WwitCell.swift */ = {isa = PBXFileReference; fileEncoding = 4; lastKnownFileType = sourcecode.swift; path = WwitCell.swift; sourceTree = "<group>"; };
		FAF66E521B1C8E32003EDA4A /* StageViewController.swift */ = {isa = PBXFileReference; fileEncoding = 4; lastKnownFileType = sourcecode.swift; path = StageViewController.swift; sourceTree = "<group>"; };
		FAF66E9D1B1D3195003EDA4A /* Three.swift */ = {isa = PBXFileReference; fileEncoding = 4; lastKnownFileType = sourcecode.swift; path = Three.swift; sourceTree = "<group>"; };
		FAF66E9F1B1D3196003EDA4A /* Two.swift */ = {isa = PBXFileReference; fileEncoding = 4; lastKnownFileType = sourcecode.swift; path = Two.swift; sourceTree = "<group>"; };
		FAF66EA11B1D3196003EDA4A /* Four.swift */ = {isa = PBXFileReference; fileEncoding = 4; lastKnownFileType = sourcecode.swift; path = Four.swift; sourceTree = "<group>"; };
		FAF66EA31B1D3196003EDA4A /* One.swift */ = {isa = PBXFileReference; fileEncoding = 4; lastKnownFileType = sourcecode.swift; path = One.swift; sourceTree = "<group>"; };
		FAF66EA51B1D3196003EDA4A /* Five.swift */ = {isa = PBXFileReference; fileEncoding = 4; lastKnownFileType = sourcecode.swift; path = Five.swift; sourceTree = "<group>"; };
		FAF66EA81B1D3481003EDA4A /* DataStoreCenter.swift */ = {isa = PBXFileReference; fileEncoding = 4; lastKnownFileType = sourcecode.swift; path = DataStoreCenter.swift; sourceTree = "<group>"; };
/* End PBXFileReference section */

/* Begin PBXFrameworksBuildPhase section */
		FA9728B01B0F952200206005 /* Frameworks */ = {
			isa = PBXFrameworksBuildPhase;
			buildActionMask = 2147483647;
			files = (
			);
			runOnlyForDeploymentPostprocessing = 0;
		};
		FA9728C81B0F952200206005 /* Frameworks */ = {
			isa = PBXFrameworksBuildPhase;
			buildActionMask = 2147483647;
			files = (
			);
			runOnlyForDeploymentPostprocessing = 0;
		};
/* End PBXFrameworksBuildPhase section */

/* Begin PBXGroup section */
		FA9728AA1B0F952200206005 = {
			isa = PBXGroup;
			children = (
				FA9728B51B0F952200206005 /* wwit */,
				FA9728CE1B0F952200206005 /* wwitTests */,
				FA9728B41B0F952200206005 /* Products */,
			);
			sourceTree = "<group>";
		};
		FA9728B41B0F952200206005 /* Products */ = {
			isa = PBXGroup;
			children = (
				FA9728B31B0F952200206005 /* wwit.app */,
				FA9728CB1B0F952200206005 /* wwitTests.xctest */,
			);
			name = Products;
			sourceTree = "<group>";
		};
		FA9728B51B0F952200206005 /* wwit */ = {
			isa = PBXGroup;
			children = (
				FA9728B81B0F952200206005 /* AppDelegate.swift */,
				FAF66E521B1C8E32003EDA4A /* StageViewController.swift */,
				FAF66E1F1B1C5E0D003EDA4A /* WwitCell.swift */,
				FA9728BF1B0F952200206005 /* Main.storyboard */,
				FAF66EA71B1D31A4003EDA4A /* CoreData */,
				FA9728C21B0F952200206005 /* Images.xcassets */,
				FA9728C41B0F952200206005 /* LaunchScreen.xib */,
				FA9728B61B0F952200206005 /* Supporting Files */,
			);
			path = wwit;
			sourceTree = "<group>";
		};
		FA9728B61B0F952200206005 /* Supporting Files */ = {
			isa = PBXGroup;
			children = (
				FA9728B71B0F952200206005 /* Info.plist */,
			);
			name = "Supporting Files";
			sourceTree = "<group>";
		};
		FA9728CE1B0F952200206005 /* wwitTests */ = {
			isa = PBXGroup;
			children = (
				FA9728D11B0F952200206005 /* wwitTests.swift */,
				FA9728CF1B0F952200206005 /* Supporting Files */,
			);
			path = wwitTests;
			sourceTree = "<group>";
		};
		FA9728CF1B0F952200206005 /* Supporting Files */ = {
			isa = PBXGroup;
			children = (
				FA9728D01B0F952200206005 /* Info.plist */,
			);
			name = "Supporting Files";
			sourceTree = "<group>";
		};
		FAF66EA71B1D31A4003EDA4A /* CoreData */ = {
			isa = PBXGroup;
			children = (
				FAF66EA81B1D3481003EDA4A /* DataStoreCenter.swift */,
				FAF66EA31B1D3196003EDA4A /* One.swift */,
				FAF66E9F1B1D3196003EDA4A /* Two.swift */,
				FAF66E9D1B1D3195003EDA4A /* Three.swift */,
				FAF66EA11B1D3196003EDA4A /* Four.swift */,
				FAF66EA51B1D3196003EDA4A /* Five.swift */,
				FA9728BA1B0F952200206005 /* wwit.xcdatamodeld */,
			);
			name = CoreData;
			sourceTree = "<group>";
		};
/* End PBXGroup section */

/* Begin PBXNativeTarget section */
		FA9728B21B0F952200206005 /* wwit */ = {
			isa = PBXNativeTarget;
			buildConfigurationList = FA9728D51B0F952200206005 /* Build configuration list for PBXNativeTarget "wwit" */;
			buildPhases = (
				FA9728AF1B0F952200206005 /* Sources */,
				FA9728B01B0F952200206005 /* Frameworks */,
				FA9728B11B0F952200206005 /* Resources */,
			);
			buildRules = (
			);
			dependencies = (
			);
			name = wwit;
			productName = wwit;
			productReference = FA9728B31B0F952200206005 /* wwit.app */;
			productType = "com.apple.product-type.application";
		};
		FA9728CA1B0F952200206005 /* wwitTests */ = {
			isa = PBXNativeTarget;
			buildConfigurationList = FA9728D81B0F952200206005 /* Build configuration list for PBXNativeTarget "wwitTests" */;
			buildPhases = (
				FA9728C71B0F952200206005 /* Sources */,
				FA9728C81B0F952200206005 /* Frameworks */,
				FA9728C91B0F952200206005 /* Resources */,
			);
			buildRules = (
			);
			dependencies = (
				FA9728CD1B0F952200206005 /* PBXTargetDependency */,
			);
			name = wwitTests;
			productName = wwitTests;
			productReference = FA9728CB1B0F952200206005 /* wwitTests.xctest */;
			productType = "com.apple.product-type.bundle.unit-test";
		};
/* End PBXNativeTarget section */

/* Begin PBXProject section */
		FA9728AB1B0F952200206005 /* Project object */ = {
			isa = PBXProject;
			attributes = {
				LastUpgradeCheck = 0630;
				ORGANIZATIONNAME = "Zel Marko";
				TargetAttributes = {
					FA9728B21B0F952200206005 = {
						CreatedOnToolsVersion = 6.3.1;
					};
					FA9728CA1B0F952200206005 = {
						CreatedOnToolsVersion = 6.3.1;
						TestTargetID = FA9728B21B0F952200206005;
					};
				};
			};
			buildConfigurationList = FA9728AE1B0F952200206005 /* Build configuration list for PBXProject "wwit" */;
			compatibilityVersion = "Xcode 3.2";
			developmentRegion = English;
			hasScannedForEncodings = 0;
			knownRegions = (
				en,
				Base,
			);
			mainGroup = FA9728AA1B0F952200206005;
			productRefGroup = FA9728B41B0F952200206005 /* Products */;
			projectDirPath = "";
			projectRoot = "";
			targets = (
				FA9728B21B0F952200206005 /* wwit */,
				FA9728CA1B0F952200206005 /* wwitTests */,
			);
		};
/* End PBXProject section */

/* Begin PBXResourcesBuildPhase section */
		FA9728B11B0F952200206005 /* Resources */ = {
			isa = PBXResourcesBuildPhase;
			buildActionMask = 2147483647;
			files = (
				FA9728C11B0F952200206005 /* Main.storyboard in Resources */,
				FA9728C61B0F952200206005 /* LaunchScreen.xib in Resources */,
				FA9728C31B0F952200206005 /* Images.xcassets in Resources */,
			);
			runOnlyForDeploymentPostprocessing = 0;
		};
		FA9728C91B0F952200206005 /* Resources */ = {
			isa = PBXResourcesBuildPhase;
			buildActionMask = 2147483647;
			files = (
			);
			runOnlyForDeploymentPostprocessing = 0;
		};
/* End PBXResourcesBuildPhase section */

/* Begin PBXSourcesBuildPhase section */
		FA9728AF1B0F952200206005 /* Sources */ = {
			isa = PBXSourcesBuildPhase;
			buildActionMask = 2147483647;
			files = (
				FAF66EA01B1D3196003EDA4A /* Two.swift in Sources */,
				FAF66EA21B1D3196003EDA4A /* Four.swift in Sources */,
				FAF66E201B1C5E0D003EDA4A /* WwitCell.swift in Sources */,
				FAF66E531B1C8E32003EDA4A /* StageViewController.swift in Sources */,
				FAF66EA91B1D3481003EDA4A /* DataStoreCenter.swift in Sources */,
				FA9728BC1B0F952200206005 /* wwit.xcdatamodeld in Sources */,
				FAF66E9E1B1D3195003EDA4A /* Three.swift in Sources */,
				FAF66EA41B1D3196003EDA4A /* One.swift in Sources */,
				FAF66EA61B1D3196003EDA4A /* Five.swift in Sources */,
				FA9728B91B0F952200206005 /* AppDelegate.swift in Sources */,
			);
			runOnlyForDeploymentPostprocessing = 0;
		};
		FA9728C71B0F952200206005 /* Sources */ = {
			isa = PBXSourcesBuildPhase;
			buildActionMask = 2147483647;
			files = (
				FA9728D21B0F952200206005 /* wwitTests.swift in Sources */,
			);
			runOnlyForDeploymentPostprocessing = 0;
		};
/* End PBXSourcesBuildPhase section */

/* Begin PBXTargetDependency section */
		FA9728CD1B0F952200206005 /* PBXTargetDependency */ = {
			isa = PBXTargetDependency;
			target = FA9728B21B0F952200206005 /* wwit */;
			targetProxy = FA9728CC1B0F952200206005 /* PBXContainerItemProxy */;
		};
/* End PBXTargetDependency section */

/* Begin PBXVariantGroup section */
		FA9728BF1B0F952200206005 /* Main.storyboard */ = {
			isa = PBXVariantGroup;
			children = (
				FA9728C01B0F952200206005 /* Base */,
			);
			name = Main.storyboard;
			sourceTree = "<group>";
		};
		FA9728C41B0F952200206005 /* LaunchScreen.xib */ = {
			isa = PBXVariantGroup;
			children = (
				FA9728C51B0F952200206005 /* Base */,
			);
			name = LaunchScreen.xib;
			sourceTree = "<group>";
		};
/* End PBXVariantGroup section */

/* Begin XCBuildConfiguration section */
		FA9728D31B0F952200206005 /* Debug */ = {
			isa = XCBuildConfiguration;
			buildSettings = {
				ALWAYS_SEARCH_USER_PATHS = NO;
				CLANG_CXX_LANGUAGE_STANDARD = "gnu++0x";
				CLANG_CXX_LIBRARY = "libc++";
				CLANG_ENABLE_MODULES = YES;
				CLANG_ENABLE_OBJC_ARC = YES;
				CLANG_WARN_BOOL_CONVERSION = YES;
				CLANG_WARN_CONSTANT_CONVERSION = YES;
				CLANG_WARN_DIRECT_OBJC_ISA_USAGE = YES_ERROR;
				CLANG_WARN_EMPTY_BODY = YES;
				CLANG_WARN_ENUM_CONVERSION = YES;
				CLANG_WARN_INT_CONVERSION = YES;
				CLANG_WARN_OBJC_ROOT_CLASS = YES_ERROR;
				CLANG_WARN_UNREACHABLE_CODE = YES;
				CLANG_WARN__DUPLICATE_METHOD_MATCH = YES;
				"CODE_SIGN_IDENTITY[sdk=iphoneos*]" = "iPhone Developer";
				COPY_PHASE_STRIP = NO;
				DEBUG_INFORMATION_FORMAT = "dwarf-with-dsym";
				ENABLE_STRICT_OBJC_MSGSEND = YES;
				GCC_C_LANGUAGE_STANDARD = gnu99;
				GCC_DYNAMIC_NO_PIC = NO;
				GCC_NO_COMMON_BLOCKS = YES;
				GCC_OPTIMIZATION_LEVEL = 0;
				GCC_PREPROCESSOR_DEFINITIONS = (
					"DEBUG=1",
					"$(inherited)",
				);
				GCC_SYMBOLS_PRIVATE_EXTERN = NO;
				GCC_WARN_64_TO_32_BIT_CONVERSION = YES;
				GCC_WARN_ABOUT_RETURN_TYPE = YES_ERROR;
				GCC_WARN_UNDECLARED_SELECTOR = YES;
				GCC_WARN_UNINITIALIZED_AUTOS = YES_AGGRESSIVE;
				GCC_WARN_UNUSED_FUNCTION = YES;
				GCC_WARN_UNUSED_VARIABLE = YES;
				IPHONEOS_DEPLOYMENT_TARGET = 8.3;
				MTL_ENABLE_DEBUG_INFO = YES;
				ONLY_ACTIVE_ARCH = YES;
				SDKROOT = iphoneos;
				SWIFT_OPTIMIZATION_LEVEL = "-Onone";
			};
			name = Debug;
		};
		FA9728D41B0F952200206005 /* Release */ = {
			isa = XCBuildConfiguration;
			buildSettings = {
				ALWAYS_SEARCH_USER_PATHS = NO;
				CLANG_CXX_LANGUAGE_STANDARD = "gnu++0x";
				CLANG_CXX_LIBRARY = "libc++";
				CLANG_ENABLE_MODULES = YES;
				CLANG_ENABLE_OBJC_ARC = YES;
				CLANG_WARN_BOOL_CONVERSION = YES;
				CLANG_WARN_CONSTANT_CONVERSION = YES;
				CLANG_WARN_DIRECT_OBJC_ISA_USAGE = YES_ERROR;
				CLANG_WARN_EMPTY_BODY = YES;
				CLANG_WARN_ENUM_CONVERSION = YES;
				CLANG_WARN_INT_CONVERSION = YES;
				CLANG_WARN_OBJC_ROOT_CLASS = YES_ERROR;
				CLANG_WARN_UNREACHABLE_CODE = YES;
				CLANG_WARN__DUPLICATE_METHOD_MATCH = YES;
				"CODE_SIGN_IDENTITY[sdk=iphoneos*]" = "iPhone Developer";
				COPY_PHASE_STRIP = NO;
				DEBUG_INFORMATION_FORMAT = "dwarf-with-dsym";
				ENABLE_NS_ASSERTIONS = NO;
				ENABLE_STRICT_OBJC_MSGSEND = YES;
				GCC_C_LANGUAGE_STANDARD = gnu99;
				GCC_NO_COMMON_BLOCKS = YES;
				GCC_WARN_64_TO_32_BIT_CONVERSION = YES;
				GCC_WARN_ABOUT_RETURN_TYPE = YES_ERROR;
				GCC_WARN_UNDECLARED_SELECTOR = YES;
				GCC_WARN_UNINITIALIZED_AUTOS = YES_AGGRESSIVE;
				GCC_WARN_UNUSED_FUNCTION = YES;
				GCC_WARN_UNUSED_VARIABLE = YES;
				IPHONEOS_DEPLOYMENT_TARGET = 8.3;
				MTL_ENABLE_DEBUG_INFO = NO;
				SDKROOT = iphoneos;
				VALIDATE_PRODUCT = YES;
			};
			name = Release;
		};
		FA9728D61B0F952200206005 /* Debug */ = {
			isa = XCBuildConfiguration;
			buildSettings = {
				ASSETCATALOG_COMPILER_APPICON_NAME = AppIcon;
				INFOPLIST_FILE = wwit/Info.plist;
				LD_RUNPATH_SEARCH_PATHS = "$(inherited) @executable_path/Frameworks";
				PRODUCT_NAME = "$(TARGET_NAME)";
			};
			name = Debug;
		};
		FA9728D71B0F952200206005 /* Release */ = {
			isa = XCBuildConfiguration;
			buildSettings = {
				ASSETCATALOG_COMPILER_APPICON_NAME = AppIcon;
				INFOPLIST_FILE = wwit/Info.plist;
				LD_RUNPATH_SEARCH_PATHS = "$(inherited) @executable_path/Frameworks";
				PRODUCT_NAME = "$(TARGET_NAME)";
			};
			name = Release;
		};
		FA9728D91B0F952200206005 /* Debug */ = {
			isa = XCBuildConfiguration;
			buildSettings = {
				BUNDLE_LOADER = "$(TEST_HOST)";
				FRAMEWORK_SEARCH_PATHS = (
					"$(SDKROOT)/Developer/Library/Frameworks",
					"$(inherited)",
				);
				GCC_PREPROCESSOR_DEFINITIONS = (
					"DEBUG=1",
					"$(inherited)",
				);
				INFOPLIST_FILE = wwitTests/Info.plist;
				LD_RUNPATH_SEARCH_PATHS = "$(inherited) @executable_path/Frameworks @loader_path/Frameworks";
				PRODUCT_NAME = "$(TARGET_NAME)";
				TEST_HOST = "$(BUILT_PRODUCTS_DIR)/wwit.app/wwit";
			};
			name = Debug;
		};
		FA9728DA1B0F952200206005 /* Release */ = {
			isa = XCBuildConfiguration;
			buildSettings = {
				BUNDLE_LOADER = "$(TEST_HOST)";
				FRAMEWORK_SEARCH_PATHS = (
					"$(SDKROOT)/Developer/Library/Frameworks",
					"$(inherited)",
				);
				INFOPLIST_FILE = wwitTests/Info.plist;
				LD_RUNPATH_SEARCH_PATHS = "$(inherited) @executable_path/Frameworks @loader_path/Frameworks";
				PRODUCT_NAME = "$(TARGET_NAME)";
				TEST_HOST = "$(BUILT_PRODUCTS_DIR)/wwit.app/wwit";
			};
			name = Release;
		};
/* End XCBuildConfiguration section */

/* Begin XCConfigurationList section */
		FA9728AE1B0F952200206005 /* Build configuration list for PBXProject "wwit" */ = {
			isa = XCConfigurationList;
			buildConfigurations = (
				FA9728D31B0F952200206005 /* Debug */,
				FA9728D41B0F952200206005 /* Release */,
			);
			defaultConfigurationIsVisible = 0;
			defaultConfigurationName = Release;
		};
		FA9728D51B0F952200206005 /* Build configuration list for PBXNativeTarget "wwit" */ = {
			isa = XCConfigurationList;
			buildConfigurations = (
				FA9728D61B0F952200206005 /* Debug */,
				FA9728D71B0F952200206005 /* Release */,
			);
			defaultConfigurationIsVisible = 0;
			defaultConfigurationName = Release;
		};
		FA9728D81B0F952200206005 /* Build configuration list for PBXNativeTarget "wwitTests" */ = {
			isa = XCConfigurationList;
			buildConfigurations = (
				FA9728D91B0F952200206005 /* Debug */,
				FA9728DA1B0F952200206005 /* Release */,
			);
			defaultConfigurationIsVisible = 0;
			defaultConfigurationName = Release;
		};
/* End XCConfigurationList section */

/* Begin XCVersionGroup section */
		FA9728BA1B0F952200206005 /* wwit.xcdatamodeld */ = {
			isa = XCVersionGroup;
			children = (
				FA9728BB1B0F952200206005 /* wwit.xcdatamodel */,
			);
			currentVersion = FA9728BB1B0F952200206005 /* wwit.xcdatamodel */;
			path = wwit.xcdatamodeld;
			sourceTree = "<group>";
			versionGroupType = wrapper.xcdatamodel;
		};
/* End XCVersionGroup section */
	};
	rootObject = FA9728AB1B0F952200206005 /* Project object */;
}
